
Microsoft Visual Studio Solution File, Format Version 12.00
# Visual Studio Version 17
VisualStudioVersion = 17.11.35312.102
MinimumVisualStudioVersion = 10.0.40219.1
Project("{9A19103F-16F7-4668-BE54-9A1E7A4F7556}") = "LockableDoors", "LockableDoors.csproj", "{721312F0-F7D0-450E-B226-BAC87B65336E}"
EndProject
Global
	GlobalSection(SolutionConfigurationPlatforms) = preSolution
		Debug|Any CPU = Debug|Any CPU
		Hotswap|Any CPU = Hotswap|Any CPU
		Release|Any CPU = Release|Any CPU
	EndGlobalSection
	GlobalSection(ProjectConfigurationPlatforms) = postSolution
		{721312F0-F7D0-450E-B226-BAC87B65336E}.Debug|Any CPU.ActiveCfg = Hotswap|Any CPU
		{721312F0-F7D0-450E-B226-BAC87B65336E}.Debug|Any CPU.Build.0 = Hotswap|Any CPU
		{721312F0-F7D0-450E-B226-BAC87B65336E}.Hotswap|Any CPU.ActiveCfg = Hotswap|Any CPU
		{721312F0-F7D0-450E-B226-BAC87B65336E}.Hotswap|Any CPU.Build.0 = Hotswap|Any CPU
		{721312F0-F7D0-450E-B226-BAC87B65336E}.Release|Any CPU.ActiveCfg = Release|Any CPU
		{721312F0-F7D0-450E-B226-BAC87B65336E}.Release|Any CPU.Build.0 = Release|Any CPU
	EndGlobalSection
	GlobalSection(SolutionProperties) = preSolution
		HideSolutionNode = FALSE
	EndGlobalSection
	GlobalSection(ExtensibilityGlobals) = postSolution
		SolutionGuid = {69965385-F3D4-4CF7-9A93-EF23D879FB0F}
	EndGlobalSection
EndGlobal
